
Microsoft Visual Studio Solution File, Format Version 12.00
# Visual Studio Version 17
VisualStudioVersion = 17.14.36121.58
MinimumVisualStudioVersion = 10.0.40219.1
Project("{FAE04EC0-301F-11D3-BF4B-00C04F79EFBC}") = "SecureAuthPrototype", "SecureAuthPrototype.csproj", "{D07BAEE2-88B4-4A3F-B3F5-D03217D1284C}"
EndProject
Project("{FAE04EC0-301F-11D3-BF4B-00C04F79EFBC}") = "HashGenerator", "..\HashGenerator\HashGenerator.csproj", "{B97502BF-0B65-439A-84D7-87B08541408D}"
EndProject
Global
	GlobalSection(SolutionConfigurationPlatforms) = preSolution
		Debug|Any CPU = Debug|Any CPU
		Release|Any CPU = Release|Any CPU
	EndGlobalSection
	GlobalSection(ProjectConfigurationPlatforms) = postSolution
		{D07BAEE2-88B4-4A3F-B3F5-D03217D1284C}.Debug|Any CPU.ActiveCfg = Debug|Any CPU
		{D07BAEE2-88B4-4A3F-B3F5-D03217D1284C}.Debug|Any CPU.Build.0 = Debug|Any CPU
		{D07BAEE2-88B4-4A3F-B3F5-D03217D1284C}.Release|Any CPU.ActiveCfg = Release|Any CPU
		{D07BAEE2-88B4-4A3F-B3F5-D03217D1284C}.Release|Any CPU.Build.0 = Release|Any CPU
		{B97502BF-0B65-439A-84D7-87B08541408D}.Debug|Any CPU.ActiveCfg = Debug|Any CPU
		{B97502BF-0B65-439A-84D7-87B08541408D}.Debug|Any CPU.Build.0 = Debug|Any CPU
		{B97502BF-0B65-439A-84D7-87B08541408D}.Release|Any CPU.ActiveCfg = Release|Any CPU
		{B97502BF-0B65-439A-84D7-87B08541408D}.Release|Any CPU.Build.0 = Release|Any CPU
	EndGlobalSection
	GlobalSection(SolutionProperties) = preSolution
		HideSolutionNode = FALSE
	EndGlobalSection
	GlobalSection(ExtensibilityGlobals) = postSolution
		SolutionGuid = {3BA61E07-74E0-4870-B65D-1B0B55EF5688}
	EndGlobalSection
EndGlobal
